// !$*UTF8*$!
{
	archiveVersion = 1;
	classes = {
	};
	objectVersion = 52;
	objects = {

/* Begin PBXBuildFile section */
		44FA0A1CB1BD82CF8B399BC8 /* Pods_flixer_flixerUITests.framework in Frameworks */ = {isa = PBXBuildFile; fileRef = 3A6A884E366BFBA12551D3CA /* Pods_flixer_flixerUITests.framework */; };
		ABA87769C5833F70CFAA6545 /* Pods_flixer.framework in Frameworks */ = {isa = PBXBuildFile; fileRef = 9E4AB36DD557F3A87DBA79FC /* Pods_flixer.framework */; };
		CFF58E69DB47D9252312A32A /* Pods_flixerTests.framework in Frameworks */ = {isa = PBXBuildFile; fileRef = 6E8F1A1483601592E28C1239 /* Pods_flixerTests.framework */; };
		F12395E226E810140025F735 /* MovieCell.swift in Sources */ = {isa = PBXBuildFile; fileRef = F12395E126E810140025F735 /* MovieCell.swift */; };
		F149F75426E9671700C9D9C4 /* AlamofireImage in Frameworks */ = {isa = PBXBuildFile; productRef = F149F75326E9671700C9D9C4 /* AlamofireImage */; };
		F1B68D0826E4072500089579 /* AppDelegate.swift in Sources */ = {isa = PBXBuildFile; fileRef = F1B68D0726E4072500089579 /* AppDelegate.swift */; };
		F1B68D0A26E4072500089579 /* SceneDelegate.swift in Sources */ = {isa = PBXBuildFile; fileRef = F1B68D0926E4072500089579 /* SceneDelegate.swift */; };
		F1B68D0F26E4072500089579 /* Main.storyboard in Resources */ = {isa = PBXBuildFile; fileRef = F1B68D0D26E4072500089579 /* Main.storyboard */; };
		F1B68D1126E4072600089579 /* Assets.xcassets in Resources */ = {isa = PBXBuildFile; fileRef = F1B68D1026E4072600089579 /* Assets.xcassets */; };
		F1B68D1426E4072600089579 /* LaunchScreen.storyboard in Resources */ = {isa = PBXBuildFile; fileRef = F1B68D1226E4072600089579 /* LaunchScreen.storyboard */; };
		F1B68D1F26E4072600089579 /* flixerTests.swift in Sources */ = {isa = PBXBuildFile; fileRef = F1B68D1E26E4072600089579 /* flixerTests.swift */; };
		F1B68D2A26E4072600089579 /* flixerUITests.swift in Sources */ = {isa = PBXBuildFile; fileRef = F1B68D2926E4072600089579 /* flixerUITests.swift */; };
		F1B68D3826E409BA00089579 /* MoviewViewController.swift in Sources */ = {isa = PBXBuildFile; fileRef = F1B68D3726E409BA00089579 /* MoviewViewController.swift */; };
/* End PBXBuildFile section */

/* Begin PBXContainerItemProxy section */
		F1B68D1B26E4072600089579 /* PBXContainerItemProxy */ = {
			isa = PBXContainerItemProxy;
			containerPortal = F1B68CFC26E4072500089579 /* Project object */;
			proxyType = 1;
			remoteGlobalIDString = F1B68D0326E4072500089579;
			remoteInfo = flixer;
		};
		F1B68D2626E4072600089579 /* PBXContainerItemProxy */ = {
			isa = PBXContainerItemProxy;
			containerPortal = F1B68CFC26E4072500089579 /* Project object */;
			proxyType = 1;
			remoteGlobalIDString = F1B68D0326E4072500089579;
			remoteInfo = flixer;
		};
/* End PBXContainerItemProxy section */

/* Begin PBXFileReference section */
		12DB4F542226A8B258BD085C /* Pods-flixer-flixerUITests.debug.xcconfig */ = {isa = PBXFileReference; includeInIndex = 1; lastKnownFileType = text.xcconfig; name = "Pods-flixer-flixerUITests.debug.xcconfig"; path = "Target Support Files/Pods-flixer-flixerUITests/Pods-flixer-flixerUITests.debug.xcconfig"; sourceTree = "<group>"; };
		3A6A884E366BFBA12551D3CA /* Pods_flixer_flixerUITests.framework */ = {isa = PBXFileReference; explicitFileType = wrapper.framework; includeInIndex = 0; path = Pods_flixer_flixerUITests.framework; sourceTree = BUILT_PRODUCTS_DIR; };
		4DE26EE3DDFA88AFE6817BE5 /* Pods-flixer.debug.xcconfig */ = {isa = PBXFileReference; includeInIndex = 1; lastKnownFileType = text.xcconfig; name = "Pods-flixer.debug.xcconfig"; path = "Target Support Files/Pods-flixer/Pods-flixer.debug.xcconfig"; sourceTree = "<group>"; };
		599E41BC5B1F107F03AC9ACC /* Pods-flixerTests.release.xcconfig */ = {isa = PBXFileReference; includeInIndex = 1; lastKnownFileType = text.xcconfig; name = "Pods-flixerTests.release.xcconfig"; path = "Target Support Files/Pods-flixerTests/Pods-flixerTests.release.xcconfig"; sourceTree = "<group>"; };
		607F866D06866F45A648615C /* Pods-flixer-flixerUITests.release.xcconfig */ = {isa = PBXFileReference; includeInIndex = 1; lastKnownFileType = text.xcconfig; name = "Pods-flixer-flixerUITests.release.xcconfig"; path = "Target Support Files/Pods-flixer-flixerUITests/Pods-flixer-flixerUITests.release.xcconfig"; sourceTree = "<group>"; };
		6E8F1A1483601592E28C1239 /* Pods_flixerTests.framework */ = {isa = PBXFileReference; explicitFileType = wrapper.framework; includeInIndex = 0; path = Pods_flixerTests.framework; sourceTree = BUILT_PRODUCTS_DIR; };
		776FFA14DFE13DB3C5FC86DE /* Pods-flixerTests.debug.xcconfig */ = {isa = PBXFileReference; includeInIndex = 1; lastKnownFileType = text.xcconfig; name = "Pods-flixerTests.debug.xcconfig"; path = "Target Support Files/Pods-flixerTests/Pods-flixerTests.debug.xcconfig"; sourceTree = "<group>"; };
		77C860FE2293695CCEAECAA3 /* Pods-flixer.release.xcconfig */ = {isa = PBXFileReference; includeInIndex = 1; lastKnownFileType = text.xcconfig; name = "Pods-flixer.release.xcconfig"; path = "Target Support Files/Pods-flixer/Pods-flixer.release.xcconfig"; sourceTree = "<group>"; };
		9E4AB36DD557F3A87DBA79FC /* Pods_flixer.framework */ = {isa = PBXFileReference; explicitFileType = wrapper.framework; includeInIndex = 0; path = Pods_flixer.framework; sourceTree = BUILT_PRODUCTS_DIR; };
		F12395E126E810140025F735 /* MovieCell.swift */ = {isa = PBXFileReference; lastKnownFileType = sourcecode.swift; path = MovieCell.swift; sourceTree = "<group>"; };
		F1B68D0426E4072500089579 /* flixer.app */ = {isa = PBXFileReference; explicitFileType = wrapper.application; includeInIndex = 0; path = flixer.app; sourceTree = BUILT_PRODUCTS_DIR; };
		F1B68D0726E4072500089579 /* AppDelegate.swift */ = {isa = PBXFileReference; lastKnownFileType = sourcecode.swift; path = AppDelegate.swift; sourceTree = "<group>"; };
		F1B68D0926E4072500089579 /* SceneDelegate.swift */ = {isa = PBXFileReference; lastKnownFileType = sourcecode.swift; path = SceneDelegate.swift; sourceTree = "<group>"; };
		F1B68D0E26E4072500089579 /* Base */ = {isa = PBXFileReference; lastKnownFileType = file.storyboard; name = Base; path = Base.lproj/Main.storyboard; sourceTree = "<group>"; };
		F1B68D1026E4072600089579 /* Assets.xcassets */ = {isa = PBXFileReference; lastKnownFileType = folder.assetcatalog; path = Assets.xcassets; sourceTree = "<group>"; };
		F1B68D1326E4072600089579 /* Base */ = {isa = PBXFileReference; lastKnownFileType = file.storyboard; name = Base; path = Base.lproj/LaunchScreen.storyboard; sourceTree = "<group>"; };
		F1B68D1526E4072600089579 /* Info.plist */ = {isa = PBXFileReference; lastKnownFileType = text.plist.xml; path = Info.plist; sourceTree = "<group>"; };
		F1B68D1A26E4072600089579 /* flixerTests.xctest */ = {isa = PBXFileReference; explicitFileType = wrapper.cfbundle; includeInIndex = 0; path = flixerTests.xctest; sourceTree = BUILT_PRODUCTS_DIR; };
		F1B68D1E26E4072600089579 /* flixerTests.swift */ = {isa = PBXFileReference; lastKnownFileType = sourcecode.swift; path = flixerTests.swift; sourceTree = "<group>"; };
		F1B68D2026E4072600089579 /* Info.plist */ = {isa = PBXFileReference; lastKnownFileType = text.plist.xml; path = Info.plist; sourceTree = "<group>"; };
		F1B68D2526E4072600089579 /* flixerUITests.xctest */ = {isa = PBXFileReference; explicitFileType = wrapper.cfbundle; includeInIndex = 0; path = flixerUITests.xctest; sourceTree = BUILT_PRODUCTS_DIR; };
		F1B68D2926E4072600089579 /* flixerUITests.swift */ = {isa = PBXFileReference; lastKnownFileType = sourcecode.swift; path = flixerUITests.swift; sourceTree = "<group>"; };
		F1B68D2B26E4072600089579 /* Info.plist */ = {isa = PBXFileReference; lastKnownFileType = text.plist.xml; path = Info.plist; sourceTree = "<group>"; };
		F1B68D3726E409BA00089579 /* MoviewViewController.swift */ = {isa = PBXFileReference; lastKnownFileType = sourcecode.swift; path = MoviewViewController.swift; sourceTree = "<group>"; };
/* End PBXFileReference section */

/* Begin PBXFrameworksBuildPhase section */
		F1B68D0126E4072500089579 /* Frameworks */ = {
			isa = PBXFrameworksBuildPhase;
			buildActionMask = 2147483647;
			files = (
				F149F75426E9671700C9D9C4 /* AlamofireImage in Frameworks */,
				ABA87769C5833F70CFAA6545 /* Pods_flixer.framework in Frameworks */,
			);
			runOnlyForDeploymentPostprocessing = 0;
		};
		F1B68D1726E4072600089579 /* Frameworks */ = {
			isa = PBXFrameworksBuildPhase;
			buildActionMask = 2147483647;
			files = (
				CFF58E69DB47D9252312A32A /* Pods_flixerTests.framework in Frameworks */,
			);
			runOnlyForDeploymentPostprocessing = 0;
		};
		F1B68D2226E4072600089579 /* Frameworks */ = {
			isa = PBXFrameworksBuildPhase;
			buildActionMask = 2147483647;
			files = (
				44FA0A1CB1BD82CF8B399BC8 /* Pods_flixer_flixerUITests.framework in Frameworks */,
			);
			runOnlyForDeploymentPostprocessing = 0;
		};
/* End PBXFrameworksBuildPhase section */

/* Begin PBXGroup section */
		986249FB5DE4F766B0614931 /* Frameworks */ = {
			isa = PBXGroup;
			children = (
				9E4AB36DD557F3A87DBA79FC /* Pods_flixer.framework */,
				3A6A884E366BFBA12551D3CA /* Pods_flixer_flixerUITests.framework */,
				6E8F1A1483601592E28C1239 /* Pods_flixerTests.framework */,
			);
			name = Frameworks;
			sourceTree = "<group>";
		};
		F1B68CFB26E4072500089579 = {
			isa = PBXGroup;
			children = (
				F1B68D0626E4072500089579 /* flixer */,
				F1B68D1D26E4072600089579 /* flixerTests */,
				F1B68D2826E4072600089579 /* flixerUITests */,
				F1B68D0526E4072500089579 /* Products */,
				FB4782AEB99B8365AB553CEC /* Pods */,
				986249FB5DE4F766B0614931 /* Frameworks */,
			);
			sourceTree = "<group>";
		};
		F1B68D0526E4072500089579 /* Products */ = {
			isa = PBXGroup;
			children = (
				F1B68D0426E4072500089579 /* flixer.app */,
				F1B68D1A26E4072600089579 /* flixerTests.xctest */,
				F1B68D2526E4072600089579 /* flixerUITests.xctest */,
			);
			name = Products;
			sourceTree = "<group>";
		};
		F1B68D0626E4072500089579 /* flixer */ = {
			isa = PBXGroup;
			children = (
				F12395E126E810140025F735 /* MovieCell.swift */,
				F1B68D0726E4072500089579 /* AppDelegate.swift */,
				F1B68D0926E4072500089579 /* SceneDelegate.swift */,
				F1B68D0D26E4072500089579 /* Main.storyboard */,
				F1B68D1026E4072600089579 /* Assets.xcassets */,
				F1B68D1226E4072600089579 /* LaunchScreen.storyboard */,
				F1B68D1526E4072600089579 /* Info.plist */,
				F1B68D3726E409BA00089579 /* MoviewViewController.swift */,
			);
			path = flixer;
			sourceTree = "<group>";
		};
		F1B68D1D26E4072600089579 /* flixerTests */ = {
			isa = PBXGroup;
			children = (
				F1B68D1E26E4072600089579 /* flixerTests.swift */,
				F1B68D2026E4072600089579 /* Info.plist */,
			);
			path = flixerTests;
			sourceTree = "<group>";
		};
		F1B68D2826E4072600089579 /* flixerUITests */ = {
			isa = PBXGroup;
			children = (
				F1B68D2926E4072600089579 /* flixerUITests.swift */,
				F1B68D2B26E4072600089579 /* Info.plist */,
			);
			path = flixerUITests;
			sourceTree = "<group>";
		};
		FB4782AEB99B8365AB553CEC /* Pods */ = {
			isa = PBXGroup;
			children = (
				4DE26EE3DDFA88AFE6817BE5 /* Pods-flixer.debug.xcconfig */,
				77C860FE2293695CCEAECAA3 /* Pods-flixer.release.xcconfig */,
				12DB4F542226A8B258BD085C /* Pods-flixer-flixerUITests.debug.xcconfig */,
				607F866D06866F45A648615C /* Pods-flixer-flixerUITests.release.xcconfig */,
				776FFA14DFE13DB3C5FC86DE /* Pods-flixerTests.debug.xcconfig */,
				599E41BC5B1F107F03AC9ACC /* Pods-flixerTests.release.xcconfig */,
			);
			path = Pods;
			sourceTree = "<group>";
		};
/* End PBXGroup section */

/* Begin PBXNativeTarget section */
		F1B68D0326E4072500089579 /* flixer */ = {
			isa = PBXNativeTarget;
			buildConfigurationList = F1B68D2E26E4072600089579 /* Build configuration list for PBXNativeTarget "flixer" */;
			buildPhases = (
				22020AB506AD2B47DA20B87E /* [CP] Check Pods Manifest.lock */,
				F1B68D0026E4072500089579 /* Sources */,
				F1B68D0126E4072500089579 /* Frameworks */,
				F1B68D0226E4072500089579 /* Resources */,
				813E9B86B177EB0256D78106 /* [CP] Embed Pods Frameworks */,
			);
			buildRules = (
			);
			dependencies = (
			);
			name = flixer;
			packageProductDependencies = (
				F149F75326E9671700C9D9C4 /* AlamofireImage */,
			);
			productName = flixer;
			productReference = F1B68D0426E4072500089579 /* flixer.app */;
			productType = "com.apple.product-type.application";
		};
		F1B68D1926E4072600089579 /* flixerTests */ = {
			isa = PBXNativeTarget;
			buildConfigurationList = F1B68D3126E4072600089579 /* Build configuration list for PBXNativeTarget "flixerTests" */;
			buildPhases = (
				1A2D2E198744037AC3191764 /* [CP] Check Pods Manifest.lock */,
				F1B68D1626E4072600089579 /* Sources */,
				F1B68D1726E4072600089579 /* Frameworks */,
				F1B68D1826E4072600089579 /* Resources */,
			);
			buildRules = (
			);
			dependencies = (
				F1B68D1C26E4072600089579 /* PBXTargetDependency */,
			);
			name = flixerTests;
			productName = flixerTests;
			productReference = F1B68D1A26E4072600089579 /* flixerTests.xctest */;
			productType = "com.apple.product-type.bundle.unit-test";
		};
		F1B68D2426E4072600089579 /* flixerUITests */ = {
			isa = PBXNativeTarget;
			buildConfigurationList = F1B68D3426E4072600089579 /* Build configuration list for PBXNativeTarget "flixerUITests" */;
			buildPhases = (
				3D3B1E28BBBCCF66EA9A471F /* [CP] Check Pods Manifest.lock */,
				F1B68D2126E4072600089579 /* Sources */,
				F1B68D2226E4072600089579 /* Frameworks */,
				F1B68D2326E4072600089579 /* Resources */,
				BF94DA071F3C260126F095B8 /* [CP] Embed Pods Frameworks */,
			);
			buildRules = (
			);
			dependencies = (
				F1B68D2726E4072600089579 /* PBXTargetDependency */,
			);
			name = flixerUITests;
			productName = flixerUITests;
			productReference = F1B68D2526E4072600089579 /* flixerUITests.xctest */;
			productType = "com.apple.product-type.bundle.ui-testing";
		};
/* End PBXNativeTarget section */

/* Begin PBXProject section */
		F1B68CFC26E4072500089579 /* Project object */ = {
			isa = PBXProject;
			attributes = {
				LastSwiftUpdateCheck = 1250;
				LastUpgradeCheck = 1250;
				TargetAttributes = {
					F1B68D0326E4072500089579 = {
						CreatedOnToolsVersion = 12.5.1;
					};
					F1B68D1926E4072600089579 = {
						CreatedOnToolsVersion = 12.5.1;
						TestTargetID = F1B68D0326E4072500089579;
					};
					F1B68D2426E4072600089579 = {
						CreatedOnToolsVersion = 12.5.1;
						TestTargetID = F1B68D0326E4072500089579;
					};
				};
			};
			buildConfigurationList = F1B68CFF26E4072500089579 /* Build configuration list for PBXProject "flixer" */;
			compatibilityVersion = "Xcode 9.3";
			developmentRegion = en;
			hasScannedForEncodings = 0;
			knownRegions = (
				en,
				Base,
			);
			mainGroup = F1B68CFB26E4072500089579;
			packageReferences = (
				F149F75226E9671700C9D9C4 /* XCRemoteSwiftPackageReference "AlamofireImage" */,
			);
			productRefGroup = F1B68D0526E4072500089579 /* Products */;
			projectDirPath = "";
			projectRoot = "";
			targets = (
				F1B68D0326E4072500089579 /* flixer */,
				F1B68D1926E4072600089579 /* flixerTests */,
				F1B68D2426E4072600089579 /* flixerUITests */,
			);
		};
/* End PBXProject section */

/* Begin PBXResourcesBuildPhase section */
		F1B68D0226E4072500089579 /* Resources */ = {
			isa = PBXResourcesBuildPhase;
			buildActionMask = 2147483647;
			files = (
				F1B68D1426E4072600089579 /* LaunchScreen.storyboard in Resources */,
				F1B68D1126E4072600089579 /* Assets.xcassets in Resources */,
				F1B68D0F26E4072500089579 /* Main.storyboard in Resources */,
			);
			runOnlyForDeploymentPostprocessing = 0;
		};
		F1B68D1826E4072600089579 /* Resources */ = {
			isa = PBXResourcesBuildPhase;
			buildActionMask = 2147483647;
			files = (
			);
			runOnlyForDeploymentPostprocessing = 0;
		};
		F1B68D2326E4072600089579 /* Resources */ = {
			isa = PBXResourcesBuildPhase;
			buildActionMask = 2147483647;
			files = (
			);
			runOnlyForDeploymentPostprocessing = 0;
		};
/* End PBXResourcesBuildPhase section */

/* Begin PBXShellScriptBuildPhase section */
		1A2D2E198744037AC3191764 /* [CP] Check Pods Manifest.lock */ = {
			isa = PBXShellScriptBuildPhase;
			buildActionMask = 2147483647;
			files = (
			);
			inputFileListPaths = (
			);
			inputPaths = (
				"${PODS_PODFILE_DIR_PATH}/Podfile.lock",
				"${PODS_ROOT}/Manifest.lock",
			);
			name = "[CP] Check Pods Manifest.lock";
			outputFileListPaths = (
			);
			outputPaths = (
				"$(DERIVED_FILE_DIR)/Pods-flixerTests-checkManifestLockResult.txt",
			);
			runOnlyForDeploymentPostprocessing = 0;
			shellPath = /bin/sh;
			shellScript = "diff \"${PODS_PODFILE_DIR_PATH}/Podfile.lock\" \"${PODS_ROOT}/Manifest.lock\" > /dev/null\nif [ $? != 0 ] ; then\n    # print error to STDERR\n    echo \"error: The sandbox is not in sync with the Podfile.lock. Run 'pod install' or update your CocoaPods installation.\" >&2\n    exit 1\nfi\n# This output is used by Xcode 'outputs' to avoid re-running this script phase.\necho \"SUCCESS\" > \"${SCRIPT_OUTPUT_FILE_0}\"\n";
			showEnvVarsInLog = 0;
		};
		22020AB506AD2B47DA20B87E /* [CP] Check Pods Manifest.lock */ = {
			isa = PBXShellScriptBuildPhase;
			buildActionMask = 2147483647;
			files = (
			);
			inputFileListPaths = (
			);
			inputPaths = (
				"${PODS_PODFILE_DIR_PATH}/Podfile.lock",
				"${PODS_ROOT}/Manifest.lock",
			);
			name = "[CP] Check Pods Manifest.lock";
			outputFileListPaths = (
			);
			outputPaths = (
				"$(DERIVED_FILE_DIR)/Pods-flixer-checkManifestLockResult.txt",
			);
			runOnlyForDeploymentPostprocessing = 0;
			shellPath = /bin/sh;
			shellScript = "diff \"${PODS_PODFILE_DIR_PATH}/Podfile.lock\" \"${PODS_ROOT}/Manifest.lock\" > /dev/null\nif [ $? != 0 ] ; then\n    # print error to STDERR\n    echo \"error: The sandbox is not in sync with the Podfile.lock. Run 'pod install' or update your CocoaPods installation.\" >&2\n    exit 1\nfi\n# This output is used by Xcode 'outputs' to avoid re-running this script phase.\necho \"SUCCESS\" > \"${SCRIPT_OUTPUT_FILE_0}\"\n";
			showEnvVarsInLog = 0;
		};
		3D3B1E28BBBCCF66EA9A471F /* [CP] Check Pods Manifest.lock */ = {
			isa = PBXShellScriptBuildPhase;
			buildActionMask = 2147483647;
			files = (
			);
			inputFileListPaths = (
			);
			inputPaths = (
				"${PODS_PODFILE_DIR_PATH}/Podfile.lock",
				"${PODS_ROOT}/Manifest.lock",
			);
			name = "[CP] Check Pods Manifest.lock";
			outputFileListPaths = (
			);
			outputPaths = (
				"$(DERIVED_FILE_DIR)/Pods-flixer-flixerUITests-checkManifestLockResult.txt",
			);
			runOnlyForDeploymentPostprocessing = 0;
			shellPath = /bin/sh;
			shellScript = "diff \"${PODS_PODFILE_DIR_PATH}/Podfile.lock\" \"${PODS_ROOT}/Manifest.lock\" > /dev/null\nif [ $? != 0 ] ; then\n    # print error to STDERR\n    echo \"error: The sandbox is not in sync with the Podfile.lock. Run 'pod install' or update your CocoaPods installation.\" >&2\n    exit 1\nfi\n# This output is used by Xcode 'outputs' to avoid re-running this script phase.\necho \"SUCCESS\" > \"${SCRIPT_OUTPUT_FILE_0}\"\n";
			showEnvVarsInLog = 0;
		};
		813E9B86B177EB0256D78106 /* [CP] Embed Pods Frameworks */ = {
			isa = PBXShellScriptBuildPhase;
			buildActionMask = 2147483647;
			files = (
			);
			inputFileListPaths = (
				"${PODS_ROOT}/Target Support Files/Pods-flixer/Pods-flixer-frameworks-${CONFIGURATION}-input-files.xcfilelist",
			);
			name = "[CP] Embed Pods Frameworks";
			outputFileListPaths = (
				"${PODS_ROOT}/Target Support Files/Pods-flixer/Pods-flixer-frameworks-${CONFIGURATION}-output-files.xcfilelist",
			);
			runOnlyForDeploymentPostprocessing = 0;
			shellPath = /bin/sh;
			shellScript = "\"${PODS_ROOT}/Target Support Files/Pods-flixer/Pods-flixer-frameworks.sh\"\n";
			showEnvVarsInLog = 0;
		};
		BF94DA071F3C260126F095B8 /* [CP] Embed Pods Frameworks */ = {
			isa = PBXShellScriptBuildPhase;
			buildActionMask = 2147483647;
			files = (
			);
			inputFileListPaths = (
				"${PODS_ROOT}/Target Support Files/Pods-flixer-flixerUITests/Pods-flixer-flixerUITests-frameworks-${CONFIGURATION}-input-files.xcfilelist",
			);
			name = "[CP] Embed Pods Frameworks";
			outputFileListPaths = (
				"${PODS_ROOT}/Target Support Files/Pods-flixer-flixerUITests/Pods-flixer-flixerUITests-frameworks-${CONFIGURATION}-output-files.xcfilelist",
			);
			runOnlyForDeploymentPostprocessing = 0;
			shellPath = /bin/sh;
			shellScript = "\"${PODS_ROOT}/Target Support Files/Pods-flixer-flixerUITests/Pods-flixer-flixerUITests-frameworks.sh\"\n";
			showEnvVarsInLog = 0;
		};
/* End PBXShellScriptBuildPhase section */

/* Begin PBXSourcesBuildPhase section */
		F1B68D0026E4072500089579 /* Sources */ = {
			isa = PBXSourcesBuildPhase;
			buildActionMask = 2147483647;
			files = (
				F1B68D0826E4072500089579 /* AppDelegate.swift in Sources */,
				F1B68D0A26E4072500089579 /* SceneDelegate.swift in Sources */,
				F12395E226E810140025F735 /* MovieCell.swift in Sources */,
				F1B68D3826E409BA00089579 /* MoviewViewController.swift in Sources */,
			);
			runOnlyForDeploymentPostprocessing = 0;
		};
		F1B68D1626E4072600089579 /* Sources */ = {
			isa = PBXSourcesBuildPhase;
			buildActionMask = 2147483647;
			files = (
				F1B68D1F26E4072600089579 /* flixerTests.swift in Sources */,
			);
			runOnlyForDeploymentPostprocessing = 0;
		};
		F1B68D2126E4072600089579 /* Sources */ = {
			isa = PBXSourcesBuildPhase;
			buildActionMask = 2147483647;
			files = (
				F1B68D2A26E4072600089579 /* flixerUITests.swift in Sources */,
			);
			runOnlyForDeploymentPostprocessing = 0;
		};
/* End PBXSourcesBuildPhase section */

/* Begin PBXTargetDependency section */
		F1B68D1C26E4072600089579 /* PBXTargetDependency */ = {
			isa = PBXTargetDependency;
			target = F1B68D0326E4072500089579 /* flixer */;
			targetProxy = F1B68D1B26E4072600089579 /* PBXContainerItemProxy */;
		};
		F1B68D2726E4072600089579 /* PBXTargetDependency */ = {
			isa = PBXTargetDependency;
			target = F1B68D0326E4072500089579 /* flixer */;
			targetProxy = F1B68D2626E4072600089579 /* PBXContainerItemProxy */;
		};
/* End PBXTargetDependency section */

/* Begin PBXVariantGroup section */
		F1B68D0D26E4072500089579 /* Main.storyboard */ = {
			isa = PBXVariantGroup;
			children = (
				F1B68D0E26E4072500089579 /* Base */,
			);
			name = Main.storyboard;
			sourceTree = "<group>";
		};
		F1B68D1226E4072600089579 /* LaunchScreen.storyboard */ = {
			isa = PBXVariantGroup;
			children = (
				F1B68D1326E4072600089579 /* Base */,
			);
			name = LaunchScreen.storyboard;
			sourceTree = "<group>";
		};
/* End PBXVariantGroup section */

/* Begin XCBuildConfiguration section */
		F1B68D2C26E4072600089579 /* Debug */ = {
			isa = XCBuildConfiguration;
			buildSettings = {
				ALWAYS_SEARCH_USER_PATHS = NO;
				CLANG_ANALYZER_NONNULL = YES;
				CLANG_ANALYZER_NUMBER_OBJECT_CONVERSION = YES_AGGRESSIVE;
				CLANG_CXX_LANGUAGE_STANDARD = "gnu++14";
				CLANG_CXX_LIBRARY = "libc++";
				CLANG_ENABLE_MODULES = YES;
				CLANG_ENABLE_OBJC_ARC = YES;
				CLANG_ENABLE_OBJC_WEAK = YES;
				CLANG_WARN_BLOCK_CAPTURE_AUTORELEASING = YES;
				CLANG_WARN_BOOL_CONVERSION = YES;
				CLANG_WARN_COMMA = YES;
				CLANG_WARN_CONSTANT_CONVERSION = YES;
				CLANG_WARN_DEPRECATED_OBJC_IMPLEMENTATIONS = YES;
				CLANG_WARN_DIRECT_OBJC_ISA_USAGE = YES_ERROR;
				CLANG_WARN_DOCUMENTATION_COMMENTS = YES;
				CLANG_WARN_EMPTY_BODY = YES;
				CLANG_WARN_ENUM_CONVERSION = YES;
				CLANG_WARN_INFINITE_RECURSION = YES;
				CLANG_WARN_INT_CONVERSION = YES;
				CLANG_WARN_NON_LITERAL_NULL_CONVERSION = YES;
				CLANG_WARN_OBJC_IMPLICIT_RETAIN_SELF = YES;
				CLANG_WARN_OBJC_LITERAL_CONVERSION = YES;
				CLANG_WARN_OBJC_ROOT_CLASS = YES_ERROR;
				CLANG_WARN_QUOTED_INCLUDE_IN_FRAMEWORK_HEADER = YES;
				CLANG_WARN_RANGE_LOOP_ANALYSIS = YES;
				CLANG_WARN_STRICT_PROTOTYPES = YES;
				CLANG_WARN_SUSPICIOUS_MOVE = YES;
				CLANG_WARN_UNGUARDED_AVAILABILITY = YES_AGGRESSIVE;
				CLANG_WARN_UNREACHABLE_CODE = YES;
				CLANG_WARN__DUPLICATE_METHOD_MATCH = YES;
				COPY_PHASE_STRIP = NO;
				DEBUG_INFORMATION_FORMAT = dwarf;
				ENABLE_STRICT_OBJC_MSGSEND = YES;
				ENABLE_TESTABILITY = YES;
				GCC_C_LANGUAGE_STANDARD = gnu11;
				GCC_DYNAMIC_NO_PIC = NO;
				GCC_NO_COMMON_BLOCKS = YES;
				GCC_OPTIMIZATION_LEVEL = 0;
				GCC_PREPROCESSOR_DEFINITIONS = (
					"DEBUG=1",
					"$(inherited)",
				);
				GCC_WARN_64_TO_32_BIT_CONVERSION = YES;
				GCC_WARN_ABOUT_RETURN_TYPE = YES_ERROR;
				GCC_WARN_UNDECLARED_SELECTOR = YES;
				GCC_WARN_UNINITIALIZED_AUTOS = YES_AGGRESSIVE;
				GCC_WARN_UNUSED_FUNCTION = YES;
				GCC_WARN_UNUSED_VARIABLE = YES;
				IPHONEOS_DEPLOYMENT_TARGET = 14.5;
				MTL_ENABLE_DEBUG_INFO = INCLUDE_SOURCE;
				MTL_FAST_MATH = YES;
				ONLY_ACTIVE_ARCH = YES;
				SDKROOT = iphoneos;
				SWIFT_ACTIVE_COMPILATION_CONDITIONS = DEBUG;
				SWIFT_OPTIMIZATION_LEVEL = "-Onone";
			};
			name = Debug;
		};
		F1B68D2D26E4072600089579 /* Release */ = {
			isa = XCBuildConfiguration;
			buildSettings = {
				ALWAYS_SEARCH_USER_PATHS = NO;
				CLANG_ANALYZER_NONNULL = YES;
				CLANG_ANALYZER_NUMBER_OBJECT_CONVERSION = YES_AGGRESSIVE;
				CLANG_CXX_LANGUAGE_STANDARD = "gnu++14";
				CLANG_CXX_LIBRARY = "libc++";
				CLANG_ENABLE_MODULES = YES;
				CLANG_ENABLE_OBJC_ARC = YES;
				CLANG_ENABLE_OBJC_WEAK = YES;
				CLANG_WARN_BLOCK_CAPTURE_AUTORELEASING = YES;
				CLANG_WARN_BOOL_CONVERSION = YES;
				CLANG_WARN_COMMA = YES;
				CLANG_WARN_CONSTANT_CONVERSION = YES;
				CLANG_WARN_DEPRECATED_OBJC_IMPLEMENTATIONS = YES;
				CLANG_WARN_DIRECT_OBJC_ISA_USAGE = YES_ERROR;
				CLANG_WARN_DOCUMENTATION_COMMENTS = YES;
				CLANG_WARN_EMPTY_BODY = YES;
				CLANG_WARN_ENUM_CONVERSION = YES;
				CLANG_WARN_INFINITE_RECURSION = YES;
				CLANG_WARN_INT_CONVERSION = YES;
				CLANG_WARN_NON_LITERAL_NULL_CONVERSION = YES;
				CLANG_WARN_OBJC_IMPLICIT_RETAIN_SELF = YES;
				CLANG_WARN_OBJC_LITERAL_CONVERSION = YES;
				CLANG_WARN_OBJC_ROOT_CLASS = YES_ERROR;
				CLANG_WARN_QUOTED_INCLUDE_IN_FRAMEWORK_HEADER = YES;
				CLANG_WARN_RANGE_LOOP_ANALYSIS = YES;
				CLANG_WARN_STRICT_PROTOTYPES = YES;
				CLANG_WARN_SUSPICIOUS_MOVE = YES;
				CLANG_WARN_UNGUARDED_AVAILABILITY = YES_AGGRESSIVE;
				CLANG_WARN_UNREACHABLE_CODE = YES;
				CLANG_WARN__DUPLICATE_METHOD_MATCH = YES;
				COPY_PHASE_STRIP = NO;
				DEBUG_INFORMATION_FORMAT = "dwarf-with-dsym";
				ENABLE_NS_ASSERTIONS = NO;
				ENABLE_STRICT_OBJC_MSGSEND = YES;
				GCC_C_LANGUAGE_STANDARD = gnu11;
				GCC_NO_COMMON_BLOCKS = YES;
				GCC_WARN_64_TO_32_BIT_CONVERSION = YES;
				GCC_WARN_ABOUT_RETURN_TYPE = YES_ERROR;
				GCC_WARN_UNDECLARED_SELECTOR = YES;
				GCC_WARN_UNINITIALIZED_AUTOS = YES_AGGRESSIVE;
				GCC_WARN_UNUSED_FUNCTION = YES;
				GCC_WARN_UNUSED_VARIABLE = YES;
				IPHONEOS_DEPLOYMENT_TARGET = 14.5;
				MTL_ENABLE_DEBUG_INFO = NO;
				MTL_FAST_MATH = YES;
				SDKROOT = iphoneos;
				SWIFT_COMPILATION_MODE = wholemodule;
				SWIFT_OPTIMIZATION_LEVEL = "-O";
				VALIDATE_PRODUCT = YES;
			};
			name = Release;
		};
		F1B68D2F26E4072600089579 /* Debug */ = {
			isa = XCBuildConfiguration;
			baseConfigurationReference = 4DE26EE3DDFA88AFE6817BE5 /* Pods-flixer.debug.xcconfig */;
			buildSettings = {
				ASSETCATALOG_COMPILER_APPICON_NAME = AppIcon;
				ASSETCATALOG_COMPILER_GLOBAL_ACCENT_COLOR_NAME = AccentColor;
				CODE_SIGN_STYLE = Automatic;
				INFOPLIST_FILE = flixer/Info.plist;
				LD_RUNPATH_SEARCH_PATHS = (
					"$(inherited)",
					"@executable_path/Frameworks",
				);
				PRODUCT_BUNDLE_IDENTIFIER = com.kh.flixer;
				PRODUCT_NAME = "$(TARGET_NAME)";
				SWIFT_VERSION = 5.0;
				TARGETED_DEVICE_FAMILY = "1,2";
			};
			name = Debug;
		};
		F1B68D3026E4072600089579 /* Release */ = {
			isa = XCBuildConfiguration;
			baseConfigurationReference = 77C860FE2293695CCEAECAA3 /* Pods-flixer.release.xcconfig */;
			buildSettings = {
				ASSETCATALOG_COMPILER_APPICON_NAME = AppIcon;
				ASSETCATALOG_COMPILER_GLOBAL_ACCENT_COLOR_NAME = AccentColor;
				CODE_SIGN_STYLE = Automatic;
				INFOPLIST_FILE = flixer/Info.plist;
				LD_RUNPATH_SEARCH_PATHS = (
					"$(inherited)",
					"@executable_path/Frameworks",
				);
				PRODUCT_BUNDLE_IDENTIFIER = com.kh.flixer;
				PRODUCT_NAME = "$(TARGET_NAME)";
				SWIFT_VERSION = 5.0;
				TARGETED_DEVICE_FAMILY = "1,2";
			};
			name = Release;
		};
		F1B68D3226E4072600089579 /* Debug */ = {
			isa = XCBuildConfiguration;
			baseConfigurationReference = 776FFA14DFE13DB3C5FC86DE /* Pods-flixerTests.debug.xcconfig */;
			buildSettings = {
				ALWAYS_EMBED_SWIFT_STANDARD_LIBRARIES = YES;
				BUNDLE_LOADER = "$(TEST_HOST)";
				CODE_SIGN_STYLE = Automatic;
				INFOPLIST_FILE = flixerTests/Info.plist;
				IPHONEOS_DEPLOYMENT_TARGET = 14.5;
				LD_RUNPATH_SEARCH_PATHS = (
					"$(inherited)",
					"@executable_path/Frameworks",
					"@loader_path/Frameworks",
				);
				PRODUCT_BUNDLE_IDENTIFIER = com.kh.flixerTests;
				PRODUCT_NAME = "$(TARGET_NAME)";
				SWIFT_VERSION = 5.0;
				TARGETED_DEVICE_FAMILY = "1,2";
				TEST_HOST = "$(BUILT_PRODUCTS_DIR)/flixer.app/flixer";
			};
			name = Debug;
		};
		F1B68D3326E4072600089579 /* Release */ = {
			isa = XCBuildConfiguration;
			baseConfigurationReference = 599E41BC5B1F107F03AC9ACC /* Pods-flixerTests.release.xcconfig */;
			buildSettings = {
				ALWAYS_EMBED_SWIFT_STANDARD_LIBRARIES = YES;
				BUNDLE_LOADER = "$(TEST_HOST)";
				CODE_SIGN_STYLE = Automatic;
				INFOPLIST_FILE = flixerTests/Info.plist;
				IPHONEOS_DEPLOYMENT_TARGET = 14.5;
				LD_RUNPATH_SEARCH_PATHS = (
					"$(inherited)",
					"@executable_path/Frameworks",
					"@loader_path/Frameworks",
				);
				PRODUCT_BUNDLE_IDENTIFIER = com.kh.flixerTests;
				PRODUCT_NAME = "$(TARGET_NAME)";
				SWIFT_VERSION = 5.0;
				TARGETED_DEVICE_FAMILY = "1,2";
				TEST_HOST = "$(BUILT_PRODUCTS_DIR)/flixer.app/flixer";
			};
			name = Release;
		};
		F1B68D3526E4072600089579 /* Debug */ = {
			isa = XCBuildConfiguration;
			baseConfigurationReference = 12DB4F542226A8B258BD085C /* Pods-flixer-flixerUITests.debug.xcconfig */;
			buildSettings = {
				ALWAYS_EMBED_SWIFT_STANDARD_LIBRARIES = YES;
				CODE_SIGN_STYLE = Automatic;
				INFOPLIST_FILE = flixerUITests/Info.plist;
				LD_RUNPATH_SEARCH_PATHS = (
					"$(inherited)",
					"@executable_path/Frameworks",
					"@loader_path/Frameworks",
				);
				PRODUCT_BUNDLE_IDENTIFIER = com.kh.flixerUITests;
				PRODUCT_NAME = "$(TARGET_NAME)";
				SWIFT_VERSION = 5.0;
				TARGETED_DEVICE_FAMILY = "1,2";
				TEST_TARGET_NAME = flixer;
			};
			name = Debug;
		};
		F1B68D3626E4072600089579 /* Release */ = {
			isa = XCBuildConfiguration;
			baseConfigurationReference = 607F866D06866F45A648615C /* Pods-flixer-flixerUITests.release.xcconfig */;
			buildSettings = {
				ALWAYS_EMBED_SWIFT_STANDARD_LIBRARIES = YES;
				CODE_SIGN_STYLE = Automatic;
				INFOPLIST_FILE = flixerUITests/Info.plist;
				LD_RUNPATH_SEARCH_PATHS = (
					"$(inherited)",
					"@executable_path/Frameworks",
					"@loader_path/Frameworks",
				);
				PRODUCT_BUNDLE_IDENTIFIER = com.kh.flixerUITests;
				PRODUCT_NAME = "$(TARGET_NAME)";
				SWIFT_VERSION = 5.0;
				TARGETED_DEVICE_FAMILY = "1,2";
				TEST_TARGET_NAME = flixer;
			};
			name = Release;
		};
/* End XCBuildConfiguration section */

/* Begin XCConfigurationList section */
		F1B68CFF26E4072500089579 /* Build configuration list for PBXProject "flixer" */ = {
			isa = XCConfigurationList;
			buildConfigurations = (
				F1B68D2C26E4072600089579 /* Debug */,
				F1B68D2D26E4072600089579 /* Release */,
			);
			defaultConfigurationIsVisible = 0;
			defaultConfigurationName = Release;
		};
		F1B68D2E26E4072600089579 /* Build configuration list for PBXNativeTarget "flixer" */ = {
			isa = XCConfigurationList;
			buildConfigurations = (
				F1B68D2F26E4072600089579 /* Debug */,
				F1B68D3026E4072600089579 /* Release */,
			);
			defaultConfigurationIsVisible = 0;
			defaultConfigurationName = Release;
		};
		F1B68D3126E4072600089579 /* Build configuration list for PBXNativeTarget "flixerTests" */ = {
			isa = XCConfigurationList;
			buildConfigurations = (
				F1B68D3226E4072600089579 /* Debug */,
				F1B68D3326E4072600089579 /* Release */,
			);
			defaultConfigurationIsVisible = 0;
			defaultConfigurationName = Release;
		};
		F1B68D3426E4072600089579 /* Build configuration list for PBXNativeTarget "flixerUITests" */ = {
			isa = XCConfigurationList;
			buildConfigurations = (
				F1B68D3526E4072600089579 /* Debug */,
				F1B68D3626E4072600089579 /* Release */,
			);
			defaultConfigurationIsVisible = 0;
			defaultConfigurationName = Release;
		};
/* End XCConfigurationList section */

/* Begin XCRemoteSwiftPackageReference section */
		F149F75226E9671700C9D9C4 /* XCRemoteSwiftPackageReference "AlamofireImage" */ = {
			isa = XCRemoteSwiftPackageReference;
			repositoryURL = "https://github.com/Alamofire/AlamofireImage";
			requirement = {
				kind = upToNextMajorVersion;
				minimumVersion = 4.2.0;
			};
		};
/* End XCRemoteSwiftPackageReference section */

/* Begin XCSwiftPackageProductDependency section */
		F149F75326E9671700C9D9C4 /* AlamofireImage */ = {
			isa = XCSwiftPackageProductDependency;
			package = F149F75226E9671700C9D9C4 /* XCRemoteSwiftPackageReference "AlamofireImage" */;
			productName = AlamofireImage;
		};
/* End XCSwiftPackageProductDependency section */
	};
	rootObject = F1B68CFC26E4072500089579 /* Project object */;
}
